
Microsoft Visual Studio Solution File, Format Version 12.00
# Visual Studio Version 16
VisualStudioVersion = 16.0.31515.178
MinimumVisualStudioVersion = 10.0.40219.1
Project("{FAE04EC0-301F-11D3-BF4B-00C04F79EFBC}") = "LetterTesting", "LetterTesting\LetterTesting.csproj", "{BC3177F9-5F47-4E8C-8665-29A3C3FE622D}"
EndProject
Global
	GlobalSection(SolutionConfigurationPlatforms) = preSolution
		Debug|Any CPU = Debug|Any CPU
		Release|Any CPU = Release|Any CPU
	EndGlobalSection
	GlobalSection(ProjectConfigurationPlatforms) = postSolution
		{BC3177F9-5F47-4E8C-8665-29A3C3FE622D}.Debug|Any CPU.ActiveCfg = Debug|Any CPU
		{BC3177F9-5F47-4E8C-8665-29A3C3FE622D}.Debug|Any CPU.Build.0 = Debug|Any CPU
		{BC3177F9-5F47-4E8C-8665-29A3C3FE622D}.Release|Any CPU.ActiveCfg = Release|Any CPU
		{BC3177F9-5F47-4E8C-8665-29A3C3FE622D}.Release|Any CPU.Build.0 = Release|Any CPU
	EndGlobalSection
	GlobalSection(SolutionProperties) = preSolution
		HideSolutionNode = FALSE
	EndGlobalSection
	GlobalSection(ExtensibilityGlobals) = postSolution
		SolutionGuid = {AAE1E3E9-2A96-4ED9-81F9-B86D0666D956}
	EndGlobalSection
EndGlobal
